
Microsoft Visual Studio Solution File, Format Version 12.00
# Visual Studio Version 17
VisualStudioVersion = 17.9.34607.119
MinimumVisualStudioVersion = 10.0.40219.1
Project("{8BC9CEB8-8B4A-11D0-8D11-00A0C91BC942}") = "project25", "project25\project25.vcxproj", "{CEDD77DC-7037-4BEF-929A-37D830098441}"
EndProject
Global
	GlobalSection(SolutionConfigurationPlatforms) = preSolution
		Debug|x64 = Debug|x64
		Debug|x86 = Debug|x86
		Release|x64 = Release|x64
		Release|x86 = Release|x86
	EndGlobalSection
	GlobalSection(ProjectConfigurationPlatforms) = postSolution
		{CEDD77DC-7037-4BEF-929A-37D830098441}.Debug|x64.ActiveCfg = Debug|x64
		{CEDD77DC-7037-4BEF-929A-37D830098441}.Debug|x64.Build.0 = Debug|x64
		{CEDD77DC-7037-4BEF-929A-37D830098441}.Debug|x86.ActiveCfg = Debug|Win32
		{CEDD77DC-7037-4BEF-929A-37D830098441}.Debug|x86.Build.0 = Debug|Win32
		{CEDD77DC-7037-4BEF-929A-37D830098441}.Release|x64.ActiveCfg = Release|x64
		{CEDD77DC-7037-4BEF-929A-37D830098441}.Release|x64.Build.0 = Release|x64
		{CEDD77DC-7037-4BEF-929A-37D830098441}.Release|x86.ActiveCfg = Release|Win32
		{CEDD77DC-7037-4BEF-929A-37D830098441}.Release|x86.Build.0 = Release|Win32
	EndGlobalSection
	GlobalSection(SolutionProperties) = preSolution
		HideSolutionNode = FALSE
	EndGlobalSection
	GlobalSection(ExtensibilityGlobals) = postSolution
		SolutionGuid = {7CED7CE9-A89D-48E1-BDF7-5956415D067F}
	EndGlobalSection
EndGlobal
